
Microsoft Visual Studio Solution File, Format Version 12.00
# Visual Studio Version 18
VisualStudioVersion = 18.6.11822.322 stable
MinimumVisualStudioVersion = 10.0.40219.1
Project("{FAE04EC0-301F-11D3-BF4B-00C04F79EFBC}") = "PSG2SaveEditor", "PSG2SaveEditor.csproj", "{582BADBC-495E-7EA4-6028-9F1EA9A34CB0}"
EndProject
Global
	GlobalSection(SolutionConfigurationPlatforms) = preSolution
		Debug|Any CPU = Debug|Any CPU
		Release|Any CPU = Release|Any CPU
	EndGlobalSection
	GlobalSection(ProjectConfigurationPlatforms) = postSolution
		{582BADBC-495E-7EA4-6028-9F1EA9A34CB0}.Debug|Any CPU.ActiveCfg = Debug|Any CPU
		{582BADBC-495E-7EA4-6028-9F1EA9A34CB0}.Debug|Any CPU.Build.0 = Debug|Any CPU
		{582BADBC-495E-7EA4-6028-9F1EA9A34CB0}.Release|Any CPU.ActiveCfg = Release|Any CPU
		{582BADBC-495E-7EA4-6028-9F1EA9A34CB0}.Release|Any CPU.Build.0 = Release|Any CPU
	EndGlobalSection
	GlobalSection(SolutionProperties) = preSolution
		HideSolutionNode = FALSE
	EndGlobalSection
	GlobalSection(ExtensibilityGlobals) = postSolution
		SolutionGuid = {282E4963-1AFE-4476-AABF-CCEAA9BBAEA3}
	EndGlobalSection
EndGlobal
